Microsoft Visual Studio Solution File, Format Version 12.00
# Visual Studio Version 17
VisualStudioVersion = 17.5.2.0
MinimumVisualStudioVersion = 10.0.40219.1
Project("{FAE04EC0-301F-11D3-BF4B-00C04F79EFBC}") = "CSharpToTsConverter", "CSharpToTsConverter.csproj", "{96DF1BFF-5FAA-E477-382F-99641D514C86}"
EndProject
Global
	GlobalSection(SolutionConfigurationPlatforms) = preSolution
		Debug|Any CPU = Debug|Any CPU
		Release|Any CPU = Release|Any CPU
	EndGlobalSection
	GlobalSection(ProjectConfigurationPlatforms) = postSolution
		{96DF1BFF-5FAA-E477-382F-99641D514C86}.Debug|Any CPU.ActiveCfg = Debug|Any CPU
		{96DF1BFF-5FAA-E477-382F-99641D514C86}.Debug|Any CPU.Build.0 = Debug|Any CPU
		{96DF1BFF-5FAA-E477-382F-99641D514C86}.Release|Any CPU.ActiveCfg = Release|Any CPU
		{96DF1BFF-5FAA-E477-382F-99641D514C86}.Release|Any CPU.Build.0 = Release|Any CPU
	EndGlobalSection
	GlobalSection(SolutionProperties) = preSolution
		HideSolutionNode = FALSE
	EndGlobalSection
	GlobalSection(ExtensibilityGlobals) = postSolution
		SolutionGuid = {C3274D3F-BEF1-4CE0-979C-1C45E0F1F75B}
	EndGlobalSection
EndGlobal
